Microsoft Visual Studio Solution File, Format Version 12.00
# Visual Studio Version 16
VisualStudioVersion = 16.0.0.0
MinimumVisualStudioVersion = 16.0.0.0
Project("{9A19103F-16F7-4668-BE54-9A1E7A4F7556}") = "SequencR.Server", "Server\SequencR.Server.csproj", "{EFC522BF-E198-47B8-A60A-AB6F5928AAC2}"
EndProject
Project("{9A19103F-16F7-4668-BE54-9A1E7A4F7556}") = "SequencR.Client", "Client\SequencR.Client.csproj", "{777F83C2-A6AA-482B-A725-2ABB0D2E995E}"
EndProject
Project("{9A19103F-16F7-4668-BE54-9A1E7A4F7556}") = "SequencR.Shared", "Shared\SequencR.Shared.csproj", "{396ED227-E982-4711-9B12-5101683575DC}"
EndProject
Project("{FAE04EC0-301F-11D3-BF4B-00C04F79EFBC}") = "SignalRServer", "SignalRServer\SignalRServer.csproj", "{D2A9554E-5B9D-4B0D-9E0F-65B399A01F2C}"
EndProject
Global
	GlobalSection(SolutionConfigurationPlatforms) = preSolution
		Debug|Any CPU = Debug|Any CPU
		Debug|x64 = Debug|x64
		Debug|x86 = Debug|x86
		Release|Any CPU = Release|Any CPU
		Release|x64 = Release|x64
		Release|x86 = Release|x86
	EndGlobalSection
	GlobalSection(ProjectConfigurationPlatforms) = postSolution
		{777F83C2-A6AA-482B-A725-2ABB0D2E995E}.Debug|Any CPU.ActiveCfg = Debug|Any CPU
		{777F83C2-A6AA-482B-A725-2ABB0D2E995E}.Debug|Any CPU.Build.0 = Debug|Any CPU
		{777F83C2-A6AA-482B-A725-2ABB0D2E995E}.Debug|x64.ActiveCfg = Debug|Any CPU
		{777F83C2-A6AA-482B-A725-2ABB0D2E995E}.Debug|x64.Build.0 = Debug|Any CPU
		{777F83C2-A6AA-482B-A725-2ABB0D2E995E}.Debug|x86.ActiveCfg = Debug|Any CPU
		{777F83C2-A6AA-482B-A725-2ABB0D2E995E}.Debug|x86.Build.0 = Debug|Any CPU
		{777F83C2-A6AA-482B-A725-2ABB0D2E995E}.Release|Any CPU.ActiveCfg = Release|Any CPU
		{777F83C2-A6AA-482B-A725-2ABB0D2E995E}.Release|Any CPU.Build.0 = Release|Any CPU
		{777F83C2-A6AA-482B-A725-2ABB0D2E995E}.Release|x64.ActiveCfg = Release|Any CPU
		{777F83C2-A6AA-482B-A725-2ABB0D2E995E}.Release|x64.Build.0 = Release|Any CPU
		{777F83C2-A6AA-482B-A725-2ABB0D2E995E}.Release|x86.ActiveCfg = Release|Any CPU
		{777F83C2-A6AA-482B-A725-2ABB0D2E995E}.Release|x86.Build.0 = Release|Any CPU
		{EFC522BF-E198-47B8-A60A-AB6F5928AAC2}.Debug|Any CPU.ActiveCfg = Debug|Any CPU
		{EFC522BF-E198-47B8-A60A-AB6F5928AAC2}.Debug|Any CPU.Build.0 = Debug|Any CPU
		{EFC522BF-E198-47B8-A60A-AB6F5928AAC2}.Debug|x64.ActiveCfg = Debug|Any CPU
		{EFC522BF-E198-47B8-A60A-AB6F5928AAC2}.Debug|x64.Build.0 = Debug|Any CPU
		{EFC522BF-E198-47B8-A60A-AB6F5928AAC2}.Debug|x86.ActiveCfg = Debug|Any CPU
		{EFC522BF-E198-47B8-A60A-AB6F5928AAC2}.Debug|x86.Build.0 = Debug|Any CPU
		{EFC522BF-E198-47B8-A60A-AB6F5928AAC2}.Release|Any CPU.ActiveCfg = Release|Any CPU
		{EFC522BF-E198-47B8-A60A-AB6F5928AAC2}.Release|Any CPU.Build.0 = Release|Any CPU
		{EFC522BF-E198-47B8-A60A-AB6F5928AAC2}.Release|x64.ActiveCfg = Release|Any CPU
		{EFC522BF-E198-47B8-A60A-AB6F5928AAC2}.Release|x64.Build.0 = Release|Any CPU
		{EFC522BF-E198-47B8-A60A-AB6F5928AAC2}.Release|x86.ActiveCfg = Release|Any CPU
		{EFC522BF-E198-47B8-A60A-AB6F5928AAC2}.Release|x86.Build.0 = Release|Any CPU
		{396ED227-E982-4711-9B12-5101683575DC}.Debug|Any CPU.ActiveCfg = Debug|Any CPU
		{396ED227-E982-4711-9B12-5101683575DC}.Debug|Any CPU.Build.0 = Debug|Any CPU
		{396ED227-E982-4711-9B12-5101683575DC}.Debug|x64.ActiveCfg = Debug|Any CPU
		{396ED227-E982-4711-9B12-5101683575DC}.Debug|x64.Build.0 = Debug|Any CPU
		{396ED227-E982-4711-9B12-5101683575DC}.Debug|x86.ActiveCfg = Debug|Any CPU
		{396ED227-E982-4711-9B12-5101683575DC}.Debug|x86.Build.0 = Debug|Any CPU
		{396ED227-E982-4711-9B12-5101683575DC}.Release|Any CPU.ActiveCfg = Release|Any CPU
		{396ED227-E982-4711-9B12-5101683575DC}.Release|Any CPU.Build.0 = Release|Any CPU
		{396ED227-E982-4711-9B12-5101683575DC}.Release|x64.ActiveCfg = Release|Any CPU
		{396ED227-E982-4711-9B12-5101683575DC}.Release|x64.Build.0 = Release|Any CPU
		{396ED227-E982-4711-9B12-5101683575DC}.Release|x86.ActiveCfg = Release|Any CPU
		{396ED227-E982-4711-9B12-5101683575DC}.Release|x86.Build.0 = Release|Any CPU
		{D2A9554E-5B9D-4B0D-9E0F-65B399A01F2C}.Debug|Any CPU.ActiveCfg = Debug|Any CPU
		{D2A9554E-5B9D-4B0D-9E0F-65B399A01F2C}.Debug|Any CPU.Build.0 = Debug|Any CPU
		{D2A9554E-5B9D-4B0D-9E0F-65B399A01F2C}.Debug|x64.ActiveCfg = Debug|Any CPU
		{D2A9554E-5B9D-4B0D-9E0F-65B399A01F2C}.Debug|x64.Build.0 = Debug|Any CPU
		{D2A9554E-5B9D-4B0D-9E0F-65B399A01F2C}.Debug|x86.ActiveCfg = Debug|Any CPU
		{D2A9554E-5B9D-4B0D-9E0F-65B399A01F2C}.Debug|x86.Build.0 = Debug|Any CPU
		{D2A9554E-5B9D-4B0D-9E0F-65B399A01F2C}.Release|Any CPU.ActiveCfg = Release|Any CPU
		{D2A9554E-5B9D-4B0D-9E0F-65B399A01F2C}.Release|Any CPU.Build.0 = Release|Any CPU
		{D2A9554E-5B9D-4B0D-9E0F-65B399A01F2C}.Release|x64.ActiveCfg = Release|Any CPU
		{D2A9554E-5B9D-4B0D-9E0F-65B399A01F2C}.Release|x64.Build.0 = Release|Any CPU
		{D2A9554E-5B9D-4B0D-9E0F-65B399A01F2C}.Release|x86.ActiveCfg = Release|Any CPU
		{D2A9554E-5B9D-4B0D-9E0F-65B399A01F2C}.Release|x86.Build.0 = Release|Any CPU
	EndGlobalSection
	GlobalSection(SolutionProperties) = preSolution
		HideSolutionNode = FALSE
	EndGlobalSection
	GlobalSection(ExtensibilityGlobals) = postSolution
		SolutionGuid = {8927E53D-DB41-44A8-8FB6-47BB1810A58A}
	EndGlobalSection
EndGlobal
